// !$*UTF8*$!
{
	archiveVersion = 1;
	classes = {
	};
	objectVersion = 55;
	objects = {

/* Begin PBXBuildFile section */
		02A53EE4291731D0002574E5 /* AppDelegate.swift in Sources */ = {isa = PBXBuildFile; fileRef = 02A53EE3291731D0002574E5 /* AppDelegate.swift */; };
		02A53EE6291731D0002574E5 /* SceneDelegate.swift in Sources */ = {isa = PBXBuildFile; fileRef = 02A53EE5291731D0002574E5 /* SceneDelegate.swift */; };
		02A53EEE291731D0002574E5 /* AllFit.xcdatamodeld in Sources */ = {isa = PBXBuildFile; fileRef = 02A53EEC291731D0002574E5 /* AllFit.xcdatamodeld */; };
		02A53EF0291731D1002574E5 /* Assets.xcassets in Resources */ = {isa = PBXBuildFile; fileRef = 02A53EEF291731D1002574E5 /* Assets.xcassets */; };
		02A53EF3291731D1002574E5 /* LaunchScreen.storyboard in Resources */ = {isa = PBXBuildFile; fileRef = 02A53EF1291731D1002574E5 /* LaunchScreen.storyboard */; };
		02A53EFE291731D1002574E5 /* AllFitTests.swift in Sources */ = {isa = PBXBuildFile; fileRef = 02A53EFD291731D1002574E5 /* AllFitTests.swift */; };
		02A53F08291731D2002574E5 /* AllFitUITests.swift in Sources */ = {isa = PBXBuildFile; fileRef = 02A53F07291731D2002574E5 /* AllFitUITests.swift */; };
		02A53F0A291731D2002574E5 /* AllFitUITestsLaunchTests.swift in Sources */ = {isa = PBXBuildFile; fileRef = 02A53F09291731D2002574E5 /* AllFitUITestsLaunchTests.swift */; };
		02A53F1A29173358002574E5 /* FirebaseAnalytics in Frameworks */ = {isa = PBXBuildFile; productRef = 02A53F1929173358002574E5 /* FirebaseAnalytics */; };
		02B21AC2291DC98E0052A10C /* loginViewController.swift in Sources */ = {isa = PBXBuildFile; fileRef = 02B21AC1291DC98E0052A10C /* loginViewController.swift */; };
		02B21AC4291DC9940052A10C /* registerViewController.swift in Sources */ = {isa = PBXBuildFile; fileRef = 02B21AC3291DC9940052A10C /* registerViewController.swift */; };
		02B21AC7291DC9F60052A10C /* FirebaseAnalytics in Frameworks */ = {isa = PBXBuildFile; productRef = 02B21AC6291DC9F60052A10C /* FirebaseAnalytics */; };
		02B21AC9291DC9F60052A10C /* FirebaseAuth in Frameworks */ = {isa = PBXBuildFile; productRef = 02B21AC8291DC9F60052A10C /* FirebaseAuth */; };
		123170CE2921544B008AD626 /* editProfileController.swift in Sources */ = {isa = PBXBuildFile; fileRef = 123170CD2921544B008AD626 /* editProfileController.swift */; };
		123170D029215457008AD626 /* profileViewController.swift in Sources */ = {isa = PBXBuildFile; fileRef = 123170CF29215457008AD626 /* profileViewController.swift */; };
		123170D22921545F008AD626 /* homeViewController.swift in Sources */ = {isa = PBXBuildFile; fileRef = 123170D12921545F008AD626 /* homeViewController.swift */; };
		123170D429215465008AD626 /* workOutCollectionViewCell.swift in Sources */ = {isa = PBXBuildFile; fileRef = 123170D329215465008AD626 /* workOutCollectionViewCell.swift */; };
		123170D629215532008AD626 /* Data.swift in Sources */ = {isa = PBXBuildFile; fileRef = 123170D529215532008AD626 /* Data.swift */; };
		123170D82921B358008AD626 /* GoogleService-Info.plist in Resources */ = {isa = PBXBuildFile; fileRef = 123170D72921B358008AD626 /* GoogleService-Info.plist */; };
		123170DA2921B7D2008AD626 /* DatabaseManager.swift in Sources */ = {isa = PBXBuildFile; fileRef = 123170D92921B7D2008AD626 /* DatabaseManager.swift */; };
		123170DC2921BE4F008AD626 /* Main.storyboard in Resources */ = {isa = PBXBuildFile; fileRef = 123170DB2921BE4F008AD626 /* Main.storyboard */; };
		123170DE29221315008AD626 /* favouriteViewController.swift in Sources */ = {isa = PBXBuildFile; fileRef = 123170DD29221315008AD626 /* favouriteViewController.swift */; };
		123170E2292215E8008AD626 /* personalViewController.swift in Sources */ = {isa = PBXBuildFile; fileRef = 123170E1292215E8008AD626 /* personalViewController.swift */; };
		12AF47C52938609700631B6A /* JGProgressHUD in Frameworks */ = {isa = PBXBuildFile; productRef = 12AF47C42938609700631B6A /* JGProgressHUD */; };
		12AF47C8293860B800631B6A /* SDWebImage in Frameworks */ = {isa = PBXBuildFile; productRef = 12AF47C7293860B800631B6A /* SDWebImage */; };
		12AF47CA293860B800631B6A /* SDWebImageMapKit in Frameworks */ = {isa = PBXBuildFile; productRef = 12AF47C9293860B800631B6A /* SDWebImageMapKit */; };
		12AF47CD293860F100631B6A /* Realm in Frameworks */ = {isa = PBXBuildFile; productRef = 12AF47CC293860F100631B6A /* Realm */; };
		12AF47CF293860F100631B6A /* RealmSwift in Frameworks */ = {isa = PBXBuildFile; productRef = 12AF47CE293860F100631B6A /* RealmSwift */; };
		12E28F97292BEDC80062018E /* FirebaseAnalytics in Frameworks */ = {isa = PBXBuildFile; productRef = 12E28F96292BEDC80062018E /* FirebaseAnalytics */; };
		12E28F99292BEDC80062018E /* FirebaseAnalyticsOnDeviceConversion in Frameworks */ = {isa = PBXBuildFile; productRef = 12E28F98292BEDC80062018E /* FirebaseAnalyticsOnDeviceConversion */; };
		12E28F9B292BEDC80062018E /* FirebaseAnalyticsSwift in Frameworks */ = {isa = PBXBuildFile; productRef = 12E28F9A292BEDC80062018E /* FirebaseAnalyticsSwift */; };
		12E28F9D292BEDC80062018E /* FirebaseAnalyticsWithoutAdIdSupport in Frameworks */ = {isa = PBXBuildFile; productRef = 12E28F9C292BEDC80062018E /* FirebaseAnalyticsWithoutAdIdSupport */; };
		12E28F9F292BEDC80062018E /* FirebaseAppCheck in Frameworks */ = {isa = PBXBuildFile; productRef = 12E28F9E292BEDC80062018E /* FirebaseAppCheck */; };
		12E28FA1292BEDC80062018E /* FirebaseAppDistribution-Beta in Frameworks */ = {isa = PBXBuildFile; productRef = 12E28FA0292BEDC80062018E /* FirebaseAppDistribution-Beta */; };
		12E28FA3292BEDC80062018E /* FirebaseAuth in Frameworks */ = {isa = PBXBuildFile; productRef = 12E28FA2292BEDC80062018E /* FirebaseAuth */; };
		12E28FA5292BEDC80062018E /* FirebaseAuthCombine-Community in Frameworks */ = {isa = PBXBuildFile; productRef = 12E28FA4292BEDC80062018E /* FirebaseAuthCombine-Community */; };
		12E28FA7292BEDC80062018E /* FirebaseCrashlytics in Frameworks */ = {isa = PBXBuildFile; productRef = 12E28FA6292BEDC80062018E /* FirebaseCrashlytics */; };
		12E28FA9292BEDC80062018E /* FirebaseDatabase in Frameworks */ = {isa = PBXBuildFile; productRef = 12E28FA8292BEDC80062018E /* FirebaseDatabase */; };
		12E28FAB292BEDC80062018E /* FirebaseDatabaseSwift in Frameworks */ = {isa = PBXBuildFile; productRef = 12E28FAA292BEDC80062018E /* FirebaseDatabaseSwift */; };
		12E28FAD292BEDC80062018E /* FirebaseDynamicLinks in Frameworks */ = {isa = PBXBuildFile; productRef = 12E28FAC292BEDC80062018E /* FirebaseDynamicLinks */; };
		12E28FAF292BEDC80062018E /* FirebaseFirestore in Frameworks */ = {isa = PBXBuildFile; productRef = 12E28FAE292BEDC80062018E /* FirebaseFirestore */; };
		12E28FB1292BEDC80062018E /* FirebaseFirestoreCombine-Community in Frameworks */ = {isa = PBXBuildFile; productRef = 12E28FB0292BEDC80062018E /* FirebaseFirestoreCombine-Community */; };
		12E28FB3292BEDC80062018E /* FirebaseFirestoreSwift in Frameworks */ = {isa = PBXBuildFile; productRef = 12E28FB2292BEDC80062018E /* FirebaseFirestoreSwift */; };
		12E28FB5292BEDC80062018E /* FirebaseFunctions in Frameworks */ = {isa = PBXBuildFile; productRef = 12E28FB4292BEDC80062018E /* FirebaseFunctions */; };
		12E28FB7292BEDC80062018E /* FirebaseFunctionsCombine-Community in Frameworks */ = {isa = PBXBuildFile; productRef = 12E28FB6292BEDC80062018E /* FirebaseFunctionsCombine-Community */; };
		12E28FB9292BEDC80062018E /* FirebaseInAppMessaging-Beta in Frameworks */ = {isa = PBXBuildFile; productRef = 12E28FB8292BEDC80062018E /* FirebaseInAppMessaging-Beta */; };
		12E28FBB292BEDC80062018E /* FirebaseInAppMessagingSwift-Beta in Frameworks */ = {isa = PBXBuildFile; productRef = 12E28FBA292BEDC80062018E /* FirebaseInAppMessagingSwift-Beta */; };
		12E28FBD292BEDC80062018E /* FirebaseInstallations in Frameworks */ = {isa = PBXBuildFile; productRef = 12E28FBC292BEDC80062018E /* FirebaseInstallations */; };
		12E28FBF292BEDC80062018E /* FirebaseMLModelDownloader in Frameworks */ = {isa = PBXBuildFile; productRef = 12E28FBE292BEDC80062018E /* FirebaseMLModelDownloader */; };
		12E28FC1292BEDC80062018E /* FirebaseMessaging in Frameworks */ = {isa = PBXBuildFile; productRef = 12E28FC0292BEDC80062018E /* FirebaseMessaging */; };
		12E28FC3292BEDC80062018E /* FirebasePerformance in Frameworks */ = {isa = PBXBuildFile; productRef = 12E28FC2292BEDC80062018E /* FirebasePerformance */; };
		12E28FC5292BEDC80062018E /* FirebaseRemoteConfig in Frameworks */ = {isa = PBXBuildFile; productRef = 12E28FC4292BEDC80062018E /* FirebaseRemoteConfig */; };
		12E28FC7292BEDC80062018E /* FirebaseRemoteConfigSwift in Frameworks */ = {isa = PBXBuildFile; productRef = 12E28FC6292BEDC80062018E /* FirebaseRemoteConfigSwift */; };
		12E28FC9292BEDC80062018E /* FirebaseStorage in Frameworks */ = {isa = PBXBuildFile; productRef = 12E28FC8292BEDC80062018E /* FirebaseStorage */; };
		12E28FCB292BEDC80062018E /* FirebaseStorageCombine-Community in Frameworks */ = {isa = PBXBuildFile; productRef = 12E28FCA292BEDC80062018E /* FirebaseStorageCombine-Community */; };
		CEAE82092922D58E0028E934 /* CreateExerciseView.swift in Sources */ = {isa = PBXBuildFile; fileRef = CEAE82082922D58E0028E934 /* CreateExerciseView.swift */; };
		CEAE820B2922DB700028E934 /* TabBarController.swift in Sources */ = {isa = PBXBuildFile; fileRef = CEAE820A2922DB700028E934 /* TabBarController.swift */; };
		CEAE820D2922F4C30028E934 /* CreateWorkoutView.swift in Sources */ = {isa = PBXBuildFile; fileRef = CEAE820C2922F4C30028E934 /* CreateWorkoutView.swift */; };
		CEAE820F292D28CA0028E934 /* DetailedWorkoutController.swift in Sources */ = {isa = PBXBuildFile; fileRef = CEAE820E292D28CA0028E934 /* DetailedWorkoutController.swift */; };
		CEAE8211292D31C10028E934 /* playWorkoutController.swift in Sources */ = {isa = PBXBuildFile; fileRef = CEAE8210292D31C10028E934 /* playWorkoutController.swift */; };
		CEAE8213293420CB0028E934 /* ratingController.swift in Sources */ = {isa = PBXBuildFile; fileRef = CEAE8212293420CB0028E934 /* ratingController.swift */; };
		CEAE82152937D7E90028E934 /* StorageManager.swift in Sources */ = {isa = PBXBuildFile; fileRef = CEAE82142937D7E90028E934 /* StorageManager.swift */; };
		CEAE82182937D84D0028E934 /* FirebaseStorage in Frameworks */ = {isa = PBXBuildFile; productRef = CEAE82172937D84D0028E934 /* FirebaseStorage */; };
/* End PBXBuildFile section */

/* Begin PBXContainerItemProxy section */
		02A53EFA291731D1002574E5 /* PBXContainerItemProxy */ = {
			isa = PBXContainerItemProxy;
			containerPortal = 02A53ED8291731CF002574E5 /* Project object */;
			proxyType = 1;
			remoteGlobalIDString = 02A53EDF291731CF002574E5;
			remoteInfo = AllFit;
		};
		02A53F04291731D2002574E5 /* PBXContainerItemProxy */ = {
			isa = PBXContainerItemProxy;
			containerPortal = 02A53ED8291731CF002574E5 /* Project object */;
			proxyType = 1;
			remoteGlobalIDString = 02A53EDF291731CF002574E5;
			remoteInfo = AllFit;
		};
/* End PBXContainerItemProxy section */

/* Begin PBXFileReference section */
		02A53EE0291731D0002574E5 /* AllFit.app */ = {isa = PBXFileReference; explicitFileType = wrapper.application; includeInIndex = 0; path = AllFit.app; sourceTree = BUILT_PRODUCTS_DIR; };
		02A53EE3291731D0002574E5 /* AppDelegate.swift */ = {isa = PBXFileReference; lastKnownFileType = sourcecode.swift; path = AppDelegate.swift; sourceTree = "<group>"; };
		02A53EE5291731D0002574E5 /* SceneDelegate.swift */ = {isa = PBXFileReference; lastKnownFileType = sourcecode.swift; path = SceneDelegate.swift; sourceTree = "<group>"; };
		02A53EED291731D0002574E5 /* AllFit.xcdatamodel */ = {isa = PBXFileReference; lastKnownFileType = wrapper.xcdatamodel; path = AllFit.xcdatamodel; sourceTree = "<group>"; };
		02A53EEF291731D1002574E5 /* Assets.xcassets */ = {isa = PBXFileReference; lastKnownFileType = folder.assetcatalog; path = Assets.xcassets; sourceTree = "<group>"; };
		02A53EF2291731D1002574E5 /* Base */ = {isa = PBXFileReference; lastKnownFileType = file.storyboard; name = Base; path = Base.lproj/LaunchScreen.storyboard; sourceTree = "<group>"; };
		02A53EF4291731D1002574E5 /* Info.plist */ = {isa = PBXFileReference; lastKnownFileType = text.plist.xml; path = Info.plist; sourceTree = "<group>"; };
		02A53EF9291731D1002574E5 /* AllFitTests.xctest */ = {isa = PBXFileReference; explicitFileType = wrapper.cfbundle; includeInIndex = 0; path = AllFitTests.xctest; sourceTree = BUILT_PRODUCTS_DIR; };
		02A53EFD291731D1002574E5 /* AllFitTests.swift */ = {isa = PBXFileReference; lastKnownFileType = sourcecode.swift; path = AllFitTests.swift; sourceTree = "<group>"; };
		02A53F03291731D2002574E5 /* AllFitUITests.xctest */ = {isa = PBXFileReference; explicitFileType = wrapper.cfbundle; includeInIndex = 0; path = AllFitUITests.xctest; sourceTree = BUILT_PRODUCTS_DIR; };
		02A53F07291731D2002574E5 /* AllFitUITests.swift */ = {isa = PBXFileReference; lastKnownFileType = sourcecode.swift; path = AllFitUITests.swift; sourceTree = "<group>"; };
		02A53F09291731D2002574E5 /* AllFitUITestsLaunchTests.swift */ = {isa = PBXFileReference; lastKnownFileType = sourcecode.swift; path = AllFitUITestsLaunchTests.swift; sourceTree = "<group>"; };
		02B21AC1291DC98E0052A10C /* loginViewController.swift */ = {isa = PBXFileReference; fileEncoding = 4; lastKnownFileType = sourcecode.swift; path = loginViewController.swift; sourceTree = "<group>"; };
		02B21AC3291DC9940052A10C /* registerViewController.swift */ = {isa = PBXFileReference; fileEncoding = 4; lastKnownFileType = sourcecode.swift; path = registerViewController.swift; sourceTree = "<group>"; };
		123170CD2921544B008AD626 /* editProfileController.swift */ = {isa = PBXFileReference; fileEncoding = 4; lastKnownFileType = sourcecode.swift; path = editProfileController.swift; sourceTree = "<group>"; };
		123170CF29215457008AD626 /* profileViewController.swift */ = {isa = PBXFileReference; fileEncoding = 4; lastKnownFileType = sourcecode.swift; path = profileViewController.swift; sourceTree = "<group>"; };
		123170D12921545F008AD626 /* homeViewController.swift */ = {isa = PBXFileReference; fileEncoding = 4; lastKnownFileType = sourcecode.swift; path = homeViewController.swift; sourceTree = "<group>"; };
		123170D329215465008AD626 /* workOutCollectionViewCell.swift */ = {isa = PBXFileReference; fileEncoding = 4; lastKnownFileType = sourcecode.swift; path = workOutCollectionViewCell.swift; sourceTree = "<group>"; };
		123170D529215532008AD626 /* Data.swift */ = {isa = PBXFileReference; fileEncoding = 4; lastKnownFileType = sourcecode.swift; path = Data.swift; sourceTree = "<group>"; };
		123170D72921B358008AD626 /* GoogleService-Info.plist */ = {isa = PBXFileReference; fileEncoding = 4; lastKnownFileType = text.plist.xml; path = "GoogleService-Info.plist"; sourceTree = "<group>"; };
		123170D92921B7D2008AD626 /* DatabaseManager.swift */ = {isa = PBXFileReference; lastKnownFileType = sourcecode.swift; path = DatabaseManager.swift; sourceTree = "<group>"; };
		123170DB2921BE4F008AD626 /* Main.storyboard */ = {isa = PBXFileReference; fileEncoding = 4; lastKnownFileType = file.storyboard; path = Main.storyboard; sourceTree = "<group>"; };
		123170DD29221315008AD626 /* favouriteViewController.swift */ = {isa = PBXFileReference; lastKnownFileType = sourcecode.swift; path = favouriteViewController.swift; sourceTree = "<group>"; };
		123170E1292215E8008AD626 /* personalViewController.swift */ = {isa = PBXFileReference; lastKnownFileType = sourcecode.swift; path = personalViewController.swift; sourceTree = "<group>"; };
		CEAE82082922D58E0028E934 /* CreateExerciseView.swift */ = {isa = PBXFileReference; lastKnownFileType = sourcecode.swift; path = CreateExerciseView.swift; sourceTree = "<group>"; };
		CEAE820A2922DB700028E934 /* TabBarController.swift */ = {isa = PBXFileReference; lastKnownFileType = sourcecode.swift; path = TabBarController.swift; sourceTree = "<group>"; };
		CEAE820C2922F4C30028E934 /* CreateWorkoutView.swift */ = {isa = PBXFileReference; lastKnownFileType = sourcecode.swift; path = CreateWorkoutView.swift; sourceTree = "<group>"; };
		CEAE820E292D28CA0028E934 /* DetailedWorkoutController.swift */ = {isa = PBXFileReference; lastKnownFileType = sourcecode.swift; path = DetailedWorkoutController.swift; sourceTree = "<group>"; };
		CEAE8210292D31C10028E934 /* playWorkoutController.swift */ = {isa = PBXFileReference; lastKnownFileType = sourcecode.swift; path = playWorkoutController.swift; sourceTree = "<group>"; };
		CEAE8212293420CB0028E934 /* ratingController.swift */ = {isa = PBXFileReference; lastKnownFileType = sourcecode.swift; path = ratingController.swift; sourceTree = "<group>"; };
		CEAE82142937D7E90028E934 /* StorageManager.swift */ = {isa = PBXFileReference; lastKnownFileType = sourcecode.swift; path = StorageManager.swift; sourceTree = "<group>"; };
/* End PBXFileReference section */

/* Begin PBXFrameworksBuildPhase section */
		02A53EDD291731CF002574E5 /* Frameworks */ = {
			isa = PBXFrameworksBuildPhase;
			buildActionMask = 2147483647;
			files = (
				12E28FBB292BEDC80062018E /* FirebaseInAppMessagingSwift-Beta in Frameworks */,
				12E28FAB292BEDC80062018E /* FirebaseDatabaseSwift in Frameworks */,
				12E28FA9292BEDC80062018E /* FirebaseDatabase in Frameworks */,
				12E28FBF292BEDC80062018E /* FirebaseMLModelDownloader in Frameworks */,
				CEAE82182937D84D0028E934 /* FirebaseStorage in Frameworks */,
				12E28F9F292BEDC80062018E /* FirebaseAppCheck in Frameworks */,
				12E28FB7292BEDC80062018E /* FirebaseFunctionsCombine-Community in Frameworks */,
				12E28FBD292BEDC80062018E /* FirebaseInstallations in Frameworks */,
				12E28FC1292BEDC80062018E /* FirebaseMessaging in Frameworks */,
				12E28FA3292BEDC80062018E /* FirebaseAuth in Frameworks */,
				12E28FC5292BEDC80062018E /* FirebaseRemoteConfig in Frameworks */,
				12E28F9B292BEDC80062018E /* FirebaseAnalyticsSwift in Frameworks */,
				12AF47CF293860F100631B6A /* RealmSwift in Frameworks */,
				12E28FC9292BEDC80062018E /* FirebaseStorage in Frameworks */,
				12E28FC3292BEDC80062018E /* FirebasePerformance in Frameworks */,
				12AF47CD293860F100631B6A /* Realm in Frameworks */,
				12E28FAF292BEDC80062018E /* FirebaseFirestore in Frameworks */,
				02B21AC7291DC9F60052A10C /* FirebaseAnalytics in Frameworks */,
				12E28FB9292BEDC80062018E /* FirebaseInAppMessaging-Beta in Frameworks */,
				02B21AC9291DC9F60052A10C /* FirebaseAuth in Frameworks */,
				12E28F99292BEDC80062018E /* FirebaseAnalyticsOnDeviceConversion in Frameworks */,
				12E28FC7292BEDC80062018E /* FirebaseRemoteConfigSwift in Frameworks */,
				12AF47C52938609700631B6A /* JGProgressHUD in Frameworks */,
				12E28FA5292BEDC80062018E /* FirebaseAuthCombine-Community in Frameworks */,
				12E28FB5292BEDC80062018E /* FirebaseFunctions in Frameworks */,
				12E28F9D292BEDC80062018E /* FirebaseAnalyticsWithoutAdIdSupport in Frameworks */,
				12E28FCB292BEDC80062018E /* FirebaseStorageCombine-Community in Frameworks */,
				12E28FB1292BEDC80062018E /* FirebaseFirestoreCombine-Community in Frameworks */,
				12AF47CA293860B800631B6A /* SDWebImageMapKit in Frameworks */,
				12E28F97292BEDC80062018E /* FirebaseAnalytics in Frameworks */,
				12E28FA7292BEDC80062018E /* FirebaseCrashlytics in Frameworks */,
				02A53F1A29173358002574E5 /* FirebaseAnalytics in Frameworks */,
				12E28FA1292BEDC80062018E /* FirebaseAppDistribution-Beta in Frameworks */,
				12AF47C8293860B800631B6A /* SDWebImage in Frameworks */,
				12E28FAD292BEDC80062018E /* FirebaseDynamicLinks in Frameworks */,
				12E28FB3292BEDC80062018E /* FirebaseFirestoreSwift in Frameworks */,
			);
			runOnlyForDeploymentPostprocessing = 0;
		};
		02A53EF6291731D1002574E5 /* Frameworks */ = {
			isa = PBXFrameworksBuildPhase;
			buildActionMask = 2147483647;
			files = (
			);
			runOnlyForDeploymentPostprocessing = 0;
		};
		02A53F00291731D2002574E5 /* Frameworks */ = {
			isa = PBXFrameworksBuildPhase;
			buildActionMask = 2147483647;
			files = (
			);
			runOnlyForDeploymentPostprocessing = 0;
		};
/* End PBXFrameworksBuildPhase section */

/* Begin PBXGroup section */
		02A53ED7291731CF002574E5 = {
			isa = PBXGroup;
			children = (
				02A53EE2291731D0002574E5 /* AllFit */,
				02A53EFC291731D1002574E5 /* AllFitTests */,
				02A53F06291731D2002574E5 /* AllFitUITests */,
				02A53EE1291731D0002574E5 /* Products */,
			);
			sourceTree = "<group>";
		};
		02A53EE1291731D0002574E5 /* Products */ = {
			isa = PBXGroup;
			children = (
				02A53EE0291731D0002574E5 /* AllFit.app */,
				02A53EF9291731D1002574E5 /* AllFitTests.xctest */,
				02A53F03291731D2002574E5 /* AllFitUITests.xctest */,
			);
			name = Products;
			sourceTree = "<group>";
		};
		02A53EE2291731D0002574E5 /* AllFit */ = {
			isa = PBXGroup;
			children = (
				02A53EE3291731D0002574E5 /* AppDelegate.swift */,
				CEAE820A2922DB700028E934 /* TabBarController.swift */,
				CEAE820C2922F4C30028E934 /* CreateWorkoutView.swift */,
				CEAE82082922D58E0028E934 /* CreateExerciseView.swift */,
				02A53EE5291731D0002574E5 /* SceneDelegate.swift */,
				02B21AC1291DC98E0052A10C /* loginViewController.swift */,
				02B21AC3291DC9940052A10C /* registerViewController.swift */,
				123170CD2921544B008AD626 /* editProfileController.swift */,
				123170CF29215457008AD626 /* profileViewController.swift */,
				123170D12921545F008AD626 /* homeViewController.swift */,
				123170DD29221315008AD626 /* favouriteViewController.swift */,
				123170E1292215E8008AD626 /* personalViewController.swift */,
				123170D329215465008AD626 /* workOutCollectionViewCell.swift */,
				CEAE820E292D28CA0028E934 /* DetailedWorkoutController.swift */,
				CEAE8210292D31C10028E934 /* playWorkoutController.swift */,
				CEAE8212293420CB0028E934 /* ratingController.swift */,
				123170D529215532008AD626 /* Data.swift */,
				123170DB2921BE4F008AD626 /* Main.storyboard */,
				CEAE82142937D7E90028E934 /* StorageManager.swift */,
				123170D92921B7D2008AD626 /* DatabaseManager.swift */,
				02A53EEF291731D1002574E5 /* Assets.xcassets */,
				02A53EF1291731D1002574E5 /* LaunchScreen.storyboard */,
				02A53EF4291731D1002574E5 /* Info.plist */,
				123170D72921B358008AD626 /* GoogleService-Info.plist */,
				02A53EEC291731D0002574E5 /* AllFit.xcdatamodeld */,
			);
			path = AllFit;
			sourceTree = "<group>";
		};
		02A53EFC291731D1002574E5 /* AllFitTests */ = {
			isa = PBXGroup;
			children = (
				02A53EFD291731D1002574E5 /* AllFitTests.swift */,
			);
			path = AllFitTests;
			sourceTree = "<group>";
		};
		02A53F06291731D2002574E5 /* AllFitUITests */ = {
			isa = PBXGroup;
			children = (
				02A53F07291731D2002574E5 /* AllFitUITests.swift */,
				02A53F09291731D2002574E5 /* AllFitUITestsLaunchTests.swift */,
			);
			path = AllFitUITests;
			sourceTree = "<group>";
		};
/* End PBXGroup section */

/* Begin PBXNativeTarget section */
		02A53EDF291731CF002574E5 /* AllFit */ = {
			isa = PBXNativeTarget;
			buildConfigurationList = 02A53F0D291731D2002574E5 /* Build configuration list for PBXNativeTarget "AllFit" */;
			buildPhases = (
				02A53EDC291731CF002574E5 /* Sources */,
				02A53EDD291731CF002574E5 /* Frameworks */,
				02A53EDE291731CF002574E5 /* Resources */,
			);
			buildRules = (
			);
			dependencies = (
			);
			name = AllFit;
			packageProductDependencies = (
				02A53F1929173358002574E5 /* FirebaseAnalytics */,
				02B21AC6291DC9F60052A10C /* FirebaseAnalytics */,
				02B21AC8291DC9F60052A10C /* FirebaseAuth */,
				12E28F96292BEDC80062018E /* FirebaseAnalytics */,
				12E28F98292BEDC80062018E /* FirebaseAnalyticsOnDeviceConversion */,
				12E28F9A292BEDC80062018E /* FirebaseAnalyticsSwift */,
				12E28F9C292BEDC80062018E /* FirebaseAnalyticsWithoutAdIdSupport */,
				12E28F9E292BEDC80062018E /* FirebaseAppCheck */,
				12E28FA0292BEDC80062018E /* FirebaseAppDistribution-Beta */,
				12E28FA2292BEDC80062018E /* FirebaseAuth */,
				12E28FA4292BEDC80062018E /* FirebaseAuthCombine-Community */,
				12E28FA6292BEDC80062018E /* FirebaseCrashlytics */,
				12E28FA8292BEDC80062018E /* FirebaseDatabase */,
				12E28FAA292BEDC80062018E /* FirebaseDatabaseSwift */,
				12E28FAC292BEDC80062018E /* FirebaseDynamicLinks */,
				12E28FAE292BEDC80062018E /* FirebaseFirestore */,
				12E28FB0292BEDC80062018E /* FirebaseFirestoreCombine-Community */,
				12E28FB2292BEDC80062018E /* FirebaseFirestoreSwift */,
				12E28FB4292BEDC80062018E /* FirebaseFunctions */,
				12E28FB6292BEDC80062018E /* FirebaseFunctionsCombine-Community */,
				12E28FB8292BEDC80062018E /* FirebaseInAppMessaging-Beta */,
				12E28FBA292BEDC80062018E /* FirebaseInAppMessagingSwift-Beta */,
				12E28FBC292BEDC80062018E /* FirebaseInstallations */,
				12E28FBE292BEDC80062018E /* FirebaseMLModelDownloader */,
				12E28FC0292BEDC80062018E /* FirebaseMessaging */,
				12E28FC2292BEDC80062018E /* FirebasePerformance */,
				12E28FC4292BEDC80062018E /* FirebaseRemoteConfig */,
				12E28FC6292BEDC80062018E /* FirebaseRemoteConfigSwift */,
				12E28FC8292BEDC80062018E /* FirebaseStorage */,
				12E28FCA292BEDC80062018E /* FirebaseStorageCombine-Community */,
				CEAE82172937D84D0028E934 /* FirebaseStorage */,
				12AF47C42938609700631B6A /* JGProgressHUD */,
				12AF47C7293860B800631B6A /* SDWebImage */,
				12AF47C9293860B800631B6A /* SDWebImageMapKit */,
				12AF47CC293860F100631B6A /* Realm */,
				12AF47CE293860F100631B6A /* RealmSwift */,
			);
			productName = AllFit;
			productReference = 02A53EE0291731D0002574E5 /* AllFit.app */;
			productType = "com.apple.product-type.application";
		};
		02A53EF8291731D1002574E5 /* AllFitTests */ = {
			isa = PBXNativeTarget;
			buildConfigurationList = 02A53F10291731D2002574E5 /* Build configuration list for PBXNativeTarget "AllFitTests" */;
			buildPhases = (
				02A53EF5291731D1002574E5 /* Sources */,
				02A53EF6291731D1002574E5 /* Frameworks */,
				02A53EF7291731D1002574E5 /* Resources */,
			);
			buildRules = (
			);
			dependencies = (
				02A53EFB291731D1002574E5 /* PBXTargetDependency */,
			);
			name = AllFitTests;
			productName = AllFitTests;
			productReference = 02A53EF9291731D1002574E5 /* AllFitTests.xctest */;
			productType = "com.apple.product-type.bundle.unit-test";
		};
		02A53F02291731D2002574E5 /* AllFitUITests */ = {
			isa = PBXNativeTarget;
			buildConfigurationList = 02A53F13291731D2002574E5 /* Build configuration list for PBXNativeTarget "AllFitUITests" */;
			buildPhases = (
				02A53EFF291731D2002574E5 /* Sources */,
				02A53F00291731D2002574E5 /* Frameworks */,
				02A53F01291731D2002574E5 /* Resources */,
			);
			buildRules = (
			);
			dependencies = (
				02A53F05291731D2002574E5 /* PBXTargetDependency */,
			);
			name = AllFitUITests;
			productName = AllFitUITests;
			productReference = 02A53F03291731D2002574E5 /* AllFitUITests.xctest */;
			productType = "com.apple.product-type.bundle.ui-testing";
		};
/* End PBXNativeTarget section */

/* Begin PBXProject section */
		02A53ED8291731CF002574E5 /* Project object */ = {
			isa = PBXProject;
			attributes = {
				BuildIndependentTargetsInParallel = 1;
				LastSwiftUpdateCheck = 1340;
				LastUpgradeCheck = 1340;
				TargetAttributes = {
					02A53EDF291731CF002574E5 = {
						CreatedOnToolsVersion = 13.4.1;
					};
					02A53EF8291731D1002574E5 = {
						CreatedOnToolsVersion = 13.4.1;
						TestTargetID = 02A53EDF291731CF002574E5;
					};
					02A53F02291731D2002574E5 = {
						CreatedOnToolsVersion = 13.4.1;
						TestTargetID = 02A53EDF291731CF002574E5;
					};
				};
			};
			buildConfigurationList = 02A53EDB291731CF002574E5 /* Build configuration list for PBXProject "AllFit" */;
			compatibilityVersion = "Xcode 13.0";
			developmentRegion = en;
			hasScannedForEncodings = 0;
			knownRegions = (
				en,
				Base,
			);
			mainGroup = 02A53ED7291731CF002574E5;
			packageReferences = (
				02A53F1829173358002574E5 /* XCRemoteSwiftPackageReference "firebase-ios-sdk" */,
				02B21AC5291DC9F60052A10C /* XCRemoteSwiftPackageReference "firebase-ios-sdk" */,
				12E28F95292BEDC80062018E /* XCRemoteSwiftPackageReference "firebase-ios-sdk" */,
				CEAE82162937D84D0028E934 /* XCRemoteSwiftPackageReference "firebase-ios-sdk" */,
				12AF47C32938609700631B6A /* XCRemoteSwiftPackageReference "JGProgressHUD" */,
				12AF47C6293860B800631B6A /* XCRemoteSwiftPackageReference "SDWebImage" */,
				12AF47CB293860F100631B6A /* XCRemoteSwiftPackageReference "realm-swift" */,
			);
			productRefGroup = 02A53EE1291731D0002574E5 /* Products */;
			projectDirPath = "";
			projectRoot = "";
			targets = (
				02A53EDF291731CF002574E5 /* AllFit */,
				02A53EF8291731D1002574E5 /* AllFitTests */,
				02A53F02291731D2002574E5 /* AllFitUITests */,
			);
		};
/* End PBXProject section */

/* Begin PBXResourcesBuildPhase section */
		02A53EDE291731CF002574E5 /* Resources */ = {
			isa = PBXResourcesBuildPhase;
			buildActionMask = 2147483647;
			files = (
				02A53EF3291731D1002574E5 /* LaunchScreen.storyboard in Resources */,
				123170D82921B358008AD626 /* GoogleService-Info.plist in Resources */,
				02A53EF0291731D1002574E5 /* Assets.xcassets in Resources */,
				123170DC2921BE4F008AD626 /* Main.storyboard in Resources */,
			);
			runOnlyForDeploymentPostprocessing = 0;
		};
		02A53EF7291731D1002574E5 /* Resources */ = {
			isa = PBXResourcesBuildPhase;
			buildActionMask = 2147483647;
			files = (
			);
			runOnlyForDeploymentPostprocessing = 0;
		};
		02A53F01291731D2002574E5 /* Resources */ = {
			isa = PBXResourcesBuildPhase;
			buildActionMask = 2147483647;
			files = (
			);
			runOnlyForDeploymentPostprocessing = 0;
		};
/* End PBXResourcesBuildPhase section */

/* Begin PBXSourcesBuildPhase section */
		02A53EDC291731CF002574E5 /* Sources */ = {
			isa = PBXSourcesBuildPhase;
			buildActionMask = 2147483647;
			files = (
				CEAE820D2922F4C30028E934 /* CreateWorkoutView.swift in Sources */,
				CEAE820B2922DB700028E934 /* TabBarController.swift in Sources */,
				02A53EE4291731D0002574E5 /* AppDelegate.swift in Sources */,
				123170DA2921B7D2008AD626 /* DatabaseManager.swift in Sources */,
				123170D629215532008AD626 /* Data.swift in Sources */,
				CEAE8211292D31C10028E934 /* playWorkoutController.swift in Sources */,
				123170CE2921544B008AD626 /* editProfileController.swift in Sources */,
				CEAE82152937D7E90028E934 /* StorageManager.swift in Sources */,
				123170DE29221315008AD626 /* favouriteViewController.swift in Sources */,
				123170D429215465008AD626 /* workOutCollectionViewCell.swift in Sources */,
				123170D029215457008AD626 /* profileViewController.swift in Sources */,
				CEAE8213293420CB0028E934 /* ratingController.swift in Sources */,
				123170D22921545F008AD626 /* homeViewController.swift in Sources */,
				CEAE82092922D58E0028E934 /* CreateExerciseView.swift in Sources */,
				123170E2292215E8008AD626 /* personalViewController.swift in Sources */,
				02A53EE6291731D0002574E5 /* SceneDelegate.swift in Sources */,
				02B21AC4291DC9940052A10C /* registerViewController.swift in Sources */,
				02A53EEE291731D0002574E5 /* AllFit.xcdatamodeld in Sources */,
				02B21AC2291DC98E0052A10C /* loginViewController.swift in Sources */,
				CEAE820F292D28CA0028E934 /* DetailedWorkoutController.swift in Sources */,
			);
			runOnlyForDeploymentPostprocessing = 0;
		};
		02A53EF5291731D1002574E5 /* Sources */ = {
			isa = PBXSourcesBuildPhase;
			buildActionMask = 2147483647;
			files = (
				02A53EFE291731D1002574E5 /* AllFitTests.swift in Sources */,
			);
			runOnlyForDeploymentPostprocessing = 0;
		};
		02A53EFF291731D2002574E5 /* Sources */ = {
			isa = PBXSourcesBuildPhase;
			buildActionMask = 2147483647;
			files = (
				02A53F0A291731D2002574E5 /* AllFitUITestsLaunchTests.swift in Sources */,
				02A53F08291731D2002574E5 /* AllFitUITests.swift in Sources */,
			);
			runOnlyForDeploymentPostprocessing = 0;
		};
/* End PBXSourcesBuildPhase section */

/* Begin PBXTargetDependency section */
		02A53EFB291731D1002574E5 /* PBXTargetDependency */ = {
			isa = PBXTargetDependency;
			target = 02A53EDF291731CF002574E5 /* AllFit */;
			targetProxy = 02A53EFA291731D1002574E5 /* PBXContainerItemProxy */;
		};
		02A53F05291731D2002574E5 /* PBXTargetDependency */ = {
			isa = PBXTargetDependency;
			target = 02A53EDF291731CF002574E5 /* AllFit */;
			targetProxy = 02A53F04291731D2002574E5 /* PBXContainerItemProxy */;
		};
/* End PBXTargetDependency section */

/* Begin PBXVariantGroup section */
		02A53EF1291731D1002574E5 /* LaunchScreen.storyboard */ = {
			isa = PBXVariantGroup;
			children = (
				02A53EF2291731D1002574E5 /* Base */,
			);
			name = LaunchScreen.storyboard;
			sourceTree = "<group>";
		};
/* End PBXVariantGroup section */

/* Begin XCBuildConfiguration section */
		02A53F0B291731D2002574E5 /* Debug */ = {
			isa = XCBuildConfiguration;
			buildSettings = {
				ALWAYS_SEARCH_USER_PATHS = NO;
				CLANG_ANALYZER_NONNULL = YES;
				CLANG_ANALYZER_NUMBER_OBJECT_CONVERSION = YES_AGGRESSIVE;
				CLANG_CXX_LANGUAGE_STANDARD = "gnu++17";
				CLANG_ENABLE_MODULES = YES;
				CLANG_ENABLE_OBJC_ARC = YES;
				CLANG_ENABLE_OBJC_WEAK = YES;
				CLANG_WARN_BLOCK_CAPTURE_AUTORELEASING = YES;
				CLANG_WARN_BOOL_CONVERSION = YES;
				CLANG_WARN_COMMA = YES;
				CLANG_WARN_CONSTANT_CONVERSION = YES;
				CLANG_WARN_DEPRECATED_OBJC_IMPLEMENTATIONS = YES;
				CLANG_WARN_DIRECT_OBJC_ISA_USAGE = YES_ERROR;
				CLANG_WARN_DOCUMENTATION_COMMENTS = YES;
				CLANG_WARN_EMPTY_BODY = YES;
				CLANG_WARN_ENUM_CONVERSION = YES;
				CLANG_WARN_INFINITE_RECURSION = YES;
				CLANG_WARN_INT_CONVERSION = YES;
				CLANG_WARN_NON_LITERAL_NULL_CONVERSION = YES;
				CLANG_WARN_OBJC_IMPLICIT_RETAIN_SELF = YES;
				CLANG_WARN_OBJC_LITERAL_CONVERSION = YES;
				CLANG_WARN_OBJC_ROOT_CLASS = YES_ERROR;
				CLANG_WARN_QUOTED_INCLUDE_IN_FRAMEWORK_HEADER = YES;
				CLANG_WARN_RANGE_LOOP_ANALYSIS = YES;
				CLANG_WARN_STRICT_PROTOTYPES = YES;
				CLANG_WARN_SUSPICIOUS_MOVE = YES;
				CLANG_WARN_UNGUARDED_AVAILABILITY = YES_AGGRESSIVE;
				CLANG_WARN_UNREACHABLE_CODE = YES;
				CLANG_WARN__DUPLICATE_METHOD_MATCH = YES;
				COPY_PHASE_STRIP = NO;
				DEBUG_INFORMATION_FORMAT = dwarf;
				ENABLE_STRICT_OBJC_MSGSEND = YES;
				ENABLE_TESTABILITY = YES;
				GCC_C_LANGUAGE_STANDARD = gnu11;
				GCC_DYNAMIC_NO_PIC = NO;
				GCC_NO_COMMON_BLOCKS = YES;
				GCC_OPTIMIZATION_LEVEL = 0;
				GCC_PREPROCESSOR_DEFINITIONS = (
					"DEBUG=1",
					"$(inherited)",
				);
				GCC_WARN_64_TO_32_BIT_CONVERSION = YES;
				GCC_WARN_ABOUT_RETURN_TYPE = YES_ERROR;
				GCC_WARN_UNDECLARED_SELECTOR = YES;
				GCC_WARN_UNINITIALIZED_AUTOS = YES_AGGRESSIVE;
				GCC_WARN_UNUSED_FUNCTION = YES;
				GCC_WARN_UNUSED_VARIABLE = YES;
				IPHONEOS_DEPLOYMENT_TARGET = 15.5;
				MTL_ENABLE_DEBUG_INFO = INCLUDE_SOURCE;
				MTL_FAST_MATH = YES;
				ONLY_ACTIVE_ARCH = YES;
				SDKROOT = iphoneos;
				SWIFT_ACTIVE_COMPILATION_CONDITIONS = DEBUG;
				SWIFT_OPTIMIZATION_LEVEL = "-Onone";
			};
			name = Debug;
		};
		02A53F0C291731D2002574E5 /* Release */ = {
			isa = XCBuildConfiguration;
			buildSettings = {
				ALWAYS_SEARCH_USER_PATHS = NO;
				CLANG_ANALYZER_NONNULL = YES;
				CLANG_ANALYZER_NUMBER_OBJECT_CONVERSION = YES_AGGRESSIVE;
				CLANG_CXX_LANGUAGE_STANDARD = "gnu++17";
				CLANG_ENABLE_MODULES = YES;
				CLANG_ENABLE_OBJC_ARC = YES;
				CLANG_ENABLE_OBJC_WEAK = YES;
				CLANG_WARN_BLOCK_CAPTURE_AUTORELEASING = YES;
				CLANG_WARN_BOOL_CONVERSION = YES;
				CLANG_WARN_COMMA = YES;
				CLANG_WARN_CONSTANT_CONVERSION = YES;
				CLANG_WARN_DEPRECATED_OBJC_IMPLEMENTATIONS = YES;
				CLANG_WARN_DIRECT_OBJC_ISA_USAGE = YES_ERROR;
				CLANG_WARN_DOCUMENTATION_COMMENTS = YES;
				CLANG_WARN_EMPTY_BODY = YES;
				CLANG_WARN_ENUM_CONVERSION = YES;
				CLANG_WARN_INFINITE_RECURSION = YES;
				CLANG_WARN_INT_CONVERSION = YES;
				CLANG_WARN_NON_LITERAL_NULL_CONVERSION = YES;
				CLANG_WARN_OBJC_IMPLICIT_RETAIN_SELF = YES;
				CLANG_WARN_OBJC_LITERAL_CONVERSION = YES;
				CLANG_WARN_OBJC_ROOT_CLASS = YES_ERROR;
				CLANG_WARN_QUOTED_INCLUDE_IN_FRAMEWORK_HEADER = YES;
				CLANG_WARN_RANGE_LOOP_ANALYSIS = YES;
				CLANG_WARN_STRICT_PROTOTYPES = YES;
				CLANG_WARN_SUSPICIOUS_MOVE = YES;
				CLANG_WARN_UNGUARDED_AVAILABILITY = YES_AGGRESSIVE;
				CLANG_WARN_UNREACHABLE_CODE = YES;
				CLANG_WARN__DUPLICATE_METHOD_MATCH = YES;
				COPY_PHASE_STRIP = NO;
				DEBUG_INFORMATION_FORMAT = "dwarf-with-dsym";
				ENABLE_NS_ASSERTIONS = NO;
				ENABLE_STRICT_OBJC_MSGSEND = YES;
				GCC_C_LANGUAGE_STANDARD = gnu11;
				GCC_NO_COMMON_BLOCKS = YES;
				GCC_WARN_64_TO_32_BIT_CONVERSION = YES;
				GCC_WARN_ABOUT_RETURN_TYPE = YES_ERROR;
				GCC_WARN_UNDECLARED_SELECTOR = YES;
				GCC_WARN_UNINITIALIZED_AUTOS = YES_AGGRESSIVE;
				GCC_WARN_UNUSED_FUNCTION = YES;
				GCC_WARN_UNUSED_VARIABLE = YES;
				IPHONEOS_DEPLOYMENT_TARGET = 15.5;
				MTL_ENABLE_DEBUG_INFO = NO;
				MTL_FAST_MATH = YES;
				SDKROOT = iphoneos;
				SWIFT_COMPILATION_MODE = wholemodule;
				SWIFT_OPTIMIZATION_LEVEL = "-O";
				VALIDATE_PRODUCT = YES;
			};
			name = Release;
		};
		02A53F0E291731D2002574E5 /* Debug */ = {
			isa = XCBuildConfiguration;
			buildSettings = {
				ASSETCATALOG_COMPILER_APPICON_NAME = AppIcon;
				ASSETCATALOG_COMPILER_GLOBAL_ACCENT_COLOR_NAME = AccentColor;
				CODE_SIGN_STYLE = Automatic;
				CURRENT_PROJECT_VERSION = 1;
				DEVELOPMENT_TEAM = MDK9359XC2;
				GENERATE_INFOPLIST_FILE = YES;
				INFOPLIST_FILE = AllFit/Info.plist;
				INFOPLIST_KEY_UIApplicationSupportsIndirectInputEvents = YES;
				INFOPLIST_KEY_UILaunchStoryboardName = LaunchScreen;
				INFOPLIST_KEY_UIMainStoryboardFile = Main;
				INFOPLIST_KEY_UISupportedInterfaceOrientations_iPad = "UIInterfaceOrientationPortrait UIInterfaceOrientationPortraitUpsideDown UIInterfaceOrientationLandscapeLeft UIInterfaceOrientationLandscapeRight";
				INFOPLIST_KEY_UISupportedInterfaceOrientations_iPhone = "UIInterfaceOrientationPortrait UIInterfaceOrientationLandscapeLeft UIInterfaceOrientationLandscapeRight";
				LD_RUNPATH_SEARCH_PATHS = (
					"$(inherited)",
					"@executable_path/Frameworks",
				);
				MARKETING_VERSION = 1.0;
				PRODUCT_BUNDLE_IDENTIFIER = com.jiecheng.testForAllFit;
				PRODUCT_NAME = "$(TARGET_NAME)";
				SWIFT_EMIT_LOC_STRINGS = YES;
				SWIFT_VERSION = 5.0;
				TARGETED_DEVICE_FAMILY = "1,2";
			};
			name = Debug;
		};
		02A53F0F291731D2002574E5 /* Release */ = {
			isa = XCBuildConfiguration;
			buildSettings = {
				ASSETCATALOG_COMPILER_APPICON_NAME = AppIcon;
				ASSETCATALOG_COMPILER_GLOBAL_ACCENT_COLOR_NAME = AccentColor;
				CODE_SIGN_STYLE = Automatic;
				CURRENT_PROJECT_VERSION = 1;
				DEVELOPMENT_TEAM = MDK9359XC2;
				GENERATE_INFOPLIST_FILE = YES;
				INFOPLIST_FILE = AllFit/Info.plist;
				INFOPLIST_KEY_UIApplicationSupportsIndirectInputEvents = YES;
				INFOPLIST_KEY_UILaunchStoryboardName = LaunchScreen;
				INFOPLIST_KEY_UIMainStoryboardFile = Main;
				INFOPLIST_KEY_UISupportedInterfaceOrientations_iPad = "UIInterfaceOrientationPortrait UIInterfaceOrientationPortraitUpsideDown UIInterfaceOrientationLandscapeLeft UIInterfaceOrientationLandscapeRight";
				INFOPLIST_KEY_UISupportedInterfaceOrientations_iPhone = "UIInterfaceOrientationPortrait UIInterfaceOrientationLandscapeLeft UIInterfaceOrientationLandscapeRight";
				LD_RUNPATH_SEARCH_PATHS = (
					"$(inherited)",
					"@executable_path/Frameworks",
				);
				MARKETING_VERSION = 1.0;
				PRODUCT_BUNDLE_IDENTIFIER = com.jiecheng.testForAllFit;
				PRODUCT_NAME = "$(TARGET_NAME)";
				SWIFT_EMIT_LOC_STRINGS = YES;
				SWIFT_VERSION = 5.0;
				TARGETED_DEVICE_FAMILY = "1,2";
			};
			name = Release;
		};
		02A53F11291731D2002574E5 /* Debug */ = {
			isa = XCBuildConfiguration;
			buildSettings = {
				ALWAYS_EMBED_SWIFT_STANDARD_LIBRARIES = YES;
				BUNDLE_LOADER = "$(TEST_HOST)";
				CODE_SIGN_STYLE = Automatic;
				CURRENT_PROJECT_VERSION = 1;
				DEVELOPMENT_TEAM = W3T852AU7J;
				GENERATE_INFOPLIST_FILE = YES;
				IPHONEOS_DEPLOYMENT_TARGET = 15.5;
				MARKETING_VERSION = 1.0;
				PRODUCT_BUNDLE_IDENTIFIER = CSE438.AllFitTests;
				PRODUCT_NAME = "$(TARGET_NAME)";
				SWIFT_EMIT_LOC_STRINGS = NO;
				SWIFT_VERSION = 5.0;
				TARGETED_DEVICE_FAMILY = "1,2";
				TEST_HOST = "$(BUILT_PRODUCTS_DIR)/AllFit.app/AllFit";
			};
			name = Debug;
		};
		02A53F12291731D2002574E5 /* Release */ = {
			isa = XCBuildConfiguration;
			buildSettings = {
				ALWAYS_EMBED_SWIFT_STANDARD_LIBRARIES = YES;
				BUNDLE_LOADER = "$(TEST_HOST)";
				CODE_SIGN_STYLE = Automatic;
				CURRENT_PROJECT_VERSION = 1;
				DEVELOPMENT_TEAM = W3T852AU7J;
				GENERATE_INFOPLIST_FILE = YES;
				IPHONEOS_DEPLOYMENT_TARGET = 15.5;
				MARKETING_VERSION = 1.0;
				PRODUCT_BUNDLE_IDENTIFIER = CSE438.AllFitTests;
				PRODUCT_NAME = "$(TARGET_NAME)";
				SWIFT_EMIT_LOC_STRINGS = NO;
				SWIFT_VERSION = 5.0;
				TARGETED_DEVICE_FAMILY = "1,2";
				TEST_HOST = "$(BUILT_PRODUCTS_DIR)/AllFit.app/AllFit";
			};
			name = Release;
		};
		02A53F14291731D2002574E5 /* Debug */ = {
			isa = XCBuildConfiguration;
			buildSettings = {
				ALWAYS_EMBED_SWIFT_STANDARD_LIBRARIES = YES;
				CODE_SIGN_STYLE = Automatic;
				CURRENT_PROJECT_VERSION = 1;
				DEVELOPMENT_TEAM = W3T852AU7J;
				GENERATE_INFOPLIST_FILE = YES;
				MARKETING_VERSION = 1.0;
				PRODUCT_BUNDLE_IDENTIFIER = CSE438.AllFitUITests;
				PRODUCT_NAME = "$(TARGET_NAME)";
				SWIFT_EMIT_LOC_STRINGS = NO;
				SWIFT_VERSION = 5.0;
				TARGETED_DEVICE_FAMILY = "1,2";
				TEST_TARGET_NAME = AllFit;
			};
			name = Debug;
		};
		02A53F15291731D2002574E5 /* Release */ = {
			isa = XCBuildConfiguration;
			buildSettings = {
				ALWAYS_EMBED_SWIFT_STANDARD_LIBRARIES = YES;
				CODE_SIGN_STYLE = Automatic;
				CURRENT_PROJECT_VERSION = 1;
				DEVELOPMENT_TEAM = W3T852AU7J;
				GENERATE_INFOPLIST_FILE = YES;
				MARKETING_VERSION = 1.0;
				PRODUCT_BUNDLE_IDENTIFIER = CSE438.AllFitUITests;
				PRODUCT_NAME = "$(TARGET_NAME)";
				SWIFT_EMIT_LOC_STRINGS = NO;
				SWIFT_VERSION = 5.0;
				TARGETED_DEVICE_FAMILY = "1,2";
				TEST_TARGET_NAME = AllFit;
			};
			name = Release;
		};
/* End XCBuildConfiguration section */

/* Begin XCConfigurationList section */
		02A53EDB291731CF002574E5 /* Build configuration list for PBXProject "AllFit" */ = {
			isa = XCConfigurationList;
			buildConfigurations = (
				02A53F0B291731D2002574E5 /* Debug */,
				02A53F0C291731D2002574E5 /* Release */,
			);
			defaultConfigurationIsVisible = 0;
			defaultConfigurationName = Release;
		};
		02A53F0D291731D2002574E5 /* Build configuration list for PBXNativeTarget "AllFit" */ = {
			isa = XCConfigurationList;
			buildConfigurations = (
				02A53F0E291731D2002574E5 /* Debug */,
				02A53F0F291731D2002574E5 /* Release */,
			);
			defaultConfigurationIsVisible = 0;
			defaultConfigurationName = Release;
		};
		02A53F10291731D2002574E5 /* Build configuration list for PBXNativeTarget "AllFitTests" */ = {
			isa = XCConfigurationList;
			buildConfigurations = (
				02A53F11291731D2002574E5 /* Debug */,
				02A53F12291731D2002574E5 /* Release */,
			);
			defaultConfigurationIsVisible = 0;
			defaultConfigurationName = Release;
		};
		02A53F13291731D2002574E5 /* Build configuration list for PBXNativeTarget "AllFitUITests" */ = {
			isa = XCConfigurationList;
			buildConfigurations = (
				02A53F14291731D2002574E5 /* Debug */,
				02A53F15291731D2002574E5 /* Release */,
			);
			defaultConfigurationIsVisible = 0;
			defaultConfigurationName = Release;
		};
/* End XCConfigurationList section */

/* Begin XCRemoteSwiftPackageReference section */
		02A53F1829173358002574E5 /* XCRemoteSwiftPackageReference "firebase-ios-sdk" */ = {
			isa = XCRemoteSwiftPackageReference;
			repositoryURL = "https://github.com/firebase/firebase-ios-sdk";
			requirement = {
				kind = upToNextMajorVersion;
				minimumVersion = 9.0.0;
			};
		};
		02B21AC5291DC9F60052A10C /* XCRemoteSwiftPackageReference "firebase-ios-sdk" */ = {
			isa = XCRemoteSwiftPackageReference;
			repositoryURL = "https://github.com/firebase/firebase-ios-sdk";
			requirement = {
				branch = master;
				kind = branch;
			};
		};
		12AF47C32938609700631B6A /* XCRemoteSwiftPackageReference "JGProgressHUD" */ = {
			isa = XCRemoteSwiftPackageReference;
			repositoryURL = "https://github.com/JonasGessner/JGProgressHUD";
			requirement = {
				kind = upToNextMajorVersion;
				minimumVersion = 2.0.0;
			};
		};
		12AF47C6293860B800631B6A /* XCRemoteSwiftPackageReference "SDWebImage" */ = {
			isa = XCRemoteSwiftPackageReference;
			repositoryURL = "https://github.com/SDWebImage/SDWebImage";
			requirement = {
				kind = upToNextMajorVersion;
				minimumVersion = 5.0.0;
			};
		};
		12AF47CB293860F100631B6A /* XCRemoteSwiftPackageReference "realm-swift" */ = {
			isa = XCRemoteSwiftPackageReference;
			repositoryURL = "https://github.com/realm/realm-swift";
			requirement = {
				branch = master;
				kind = branch;
			};
		};
		12E28F95292BEDC80062018E /* XCRemoteSwiftPackageReference "firebase-ios-sdk" */ = {
			isa = XCRemoteSwiftPackageReference;
			repositoryURL = "https://github.com/firebase/firebase-ios-sdk";
			requirement = {
				kind = upToNextMajorVersion;
				minimumVersion = 9.0.0;
			};
		};
		CEAE82162937D84D0028E934 /* XCRemoteSwiftPackageReference "firebase-ios-sdk" */ = {
			isa = XCRemoteSwiftPackageReference;
			repositoryURL = "https://github.com/firebase/firebase-ios-sdk";
			requirement = {
				kind = upToNextMajorVersion;
				minimumVersion = 9.0.0;
			};
		};
/* End XCRemoteSwiftPackageReference section */

/* Begin XCSwiftPackageProductDependency section */
		02A53F1929173358002574E5 /* FirebaseAnalytics */ = {
			isa = XCSwiftPackageProductDependency;
			package = 02A53F1829173358002574E5 /* XCRemoteSwiftPackageReference "firebase-ios-sdk" */;
			productName = FirebaseAnalytics;
		};
		02B21AC6291DC9F60052A10C /* FirebaseAnalytics */ = {
			isa = XCSwiftPackageProductDependency;
			package = 02B21AC5291DC9F60052A10C /* XCRemoteSwiftPackageReference "firebase-ios-sdk" */;
			productName = FirebaseAnalytics;
		};
		02B21AC8291DC9F60052A10C /* FirebaseAuth */ = {
			isa = XCSwiftPackageProductDependency;
			package = 02B21AC5291DC9F60052A10C /* XCRemoteSwiftPackageReference "firebase-ios-sdk" */;
			productName = FirebaseAuth;
		};
		12AF47C42938609700631B6A /* JGProgressHUD */ = {
			isa = XCSwiftPackageProductDependency;
			package = 12AF47C32938609700631B6A /* XCRemoteSwiftPackageReference "JGProgressHUD" */;
			productName = JGProgressHUD;
		};
		12AF47C7293860B800631B6A /* SDWebImage */ = {
			isa = XCSwiftPackageProductDependency;
			package = 12AF47C6293860B800631B6A /* XCRemoteSwiftPackageReference "SDWebImage" */;
			productName = SDWebImage;
		};
		12AF47C9293860B800631B6A /* SDWebImageMapKit */ = {
			isa = XCSwiftPackageProductDependency;
			package = 12AF47C6293860B800631B6A /* XCRemoteSwiftPackageReference "SDWebImage" */;
			productName = SDWebImageMapKit;
		};
		12AF47CC293860F100631B6A /* Realm */ = {
			isa = XCSwiftPackageProductDependency;
			package = 12AF47CB293860F100631B6A /* XCRemoteSwiftPackageReference "realm-swift" */;
			productName = Realm;
		};
		12AF47CE293860F100631B6A /* RealmSwift */ = {
			isa = XCSwiftPackageProductDependency;
			package = 12AF47CB293860F100631B6A /* XCRemoteSwiftPackageReference "realm-swift" */;
			productName = RealmSwift;
		};
		12E28F96292BEDC80062018E /* FirebaseAnalytics */ = {
			isa = XCSwiftPackageProductDependency;
			package = 02A53F1829173358002574E5 /* XCRemoteSwiftPackageReference "firebase-ios-sdk" */;
			productName = FirebaseAnalytics;
		};
		12E28F98292BEDC80062018E /* FirebaseAnalyticsOnDeviceConversion */ = {
			isa = XCSwiftPackageProductDependency;
			package = 02A53F1829173358002574E5 /* XCRemoteSwiftPackageReference "firebase-ios-sdk" */;
			productName = FirebaseAnalyticsOnDeviceConversion;
		};
		12E28F9A292BEDC80062018E /* FirebaseAnalyticsSwift */ = {
			isa = XCSwiftPackageProductDependency;
			package = 02A53F1829173358002574E5 /* XCRemoteSwiftPackageReference "firebase-ios-sdk" */;
			productName = FirebaseAnalyticsSwift;
		};
		12E28F9C292BEDC80062018E /* FirebaseAnalyticsWithoutAdIdSupport */ = {
			isa = XCSwiftPackageProductDependency;
			package = 02A53F1829173358002574E5 /* XCRemoteSwiftPackageReference "firebase-ios-sdk" */;
			productName = FirebaseAnalyticsWithoutAdIdSupport;
		};
		12E28F9E292BEDC80062018E /* FirebaseAppCheck */ = {
			isa = XCSwiftPackageProductDependency;
			package = 02A53F1829173358002574E5 /* XCRemoteSwiftPackageReference "firebase-ios-sdk" */;
			productName = FirebaseAppCheck;
		};
		12E28FA0292BEDC80062018E /* FirebaseAppDistribution-Beta */ = {
			isa = XCSwiftPackageProductDependency;
			package = 02A53F1829173358002574E5 /* XCRemoteSwiftPackageReference "firebase-ios-sdk" */;
			productName = "FirebaseAppDistribution-Beta";
		};
		12E28FA2292BEDC80062018E /* FirebaseAuth */ = {
			isa = XCSwiftPackageProductDependency;
			package = 02A53F1829173358002574E5 /* XCRemoteSwiftPackageReference "firebase-ios-sdk" */;
			productName = FirebaseAuth;
		};
		12E28FA4292BEDC80062018E /* FirebaseAuthCombine-Community */ = {
			isa = XCSwiftPackageProductDependency;
			package = 02A53F1829173358002574E5 /* XCRemoteSwiftPackageReference "firebase-ios-sdk" */;
			productName = "FirebaseAuthCombine-Community";
		};
		12E28FA6292BEDC80062018E /* FirebaseCrashlytics */ = {
			isa = XCSwiftPackageProductDependency;
			package = 02A53F1829173358002574E5 /* XCRemoteSwiftPackageReference "firebase-ios-sdk" */;
			productName = FirebaseCrashlytics;
		};
		12E28FA8292BEDC80062018E /* FirebaseDatabase */ = {
			isa = XCSwiftPackageProductDependency;
			package = 02A53F1829173358002574E5 /* XCRemoteSwiftPackageReference "firebase-ios-sdk" */;
			productName = FirebaseDatabase;
		};
		12E28FAA292BEDC80062018E /* FirebaseDatabaseSwift */ = {
			isa = XCSwiftPackageProductDependency;
			package = 02A53F1829173358002574E5 /* XCRemoteSwiftPackageReference "firebase-ios-sdk" */;
			productName = FirebaseDatabaseSwift;
		};
		12E28FAC292BEDC80062018E /* FirebaseDynamicLinks */ = {
			isa = XCSwiftPackageProductDependency;
			package = 02A53F1829173358002574E5 /* XCRemoteSwiftPackageReference "firebase-ios-sdk" */;
			productName = FirebaseDynamicLinks;
		};
		12E28FAE292BEDC80062018E /* FirebaseFirestore */ = {
			isa = XCSwiftPackageProductDependency;
			package = 02A53F1829173358002574E5 /* XCRemoteSwiftPackageReference "firebase-ios-sdk" */;
			productName = FirebaseFirestore;
		};
		12E28FB0292BEDC80062018E /* FirebaseFirestoreCombine-Community */ = {
			isa = XCSwiftPackageProductDependency;
			package = 02A53F1829173358002574E5 /* XCRemoteSwiftPackageReference "firebase-ios-sdk" */;
			productName = "FirebaseFirestoreCombine-Community";
		};
		12E28FB2292BEDC80062018E /* FirebaseFirestoreSwift */ = {
			isa = XCSwiftPackageProductDependency;
			package = 02A53F1829173358002574E5 /* XCRemoteSwiftPackageReference "firebase-ios-sdk" */;
			productName = FirebaseFirestoreSwift;
		};
		12E28FB4292BEDC80062018E /* FirebaseFunctions */ = {
			isa = XCSwiftPackageProductDependency;
			package = 02A53F1829173358002574E5 /* XCRemoteSwiftPackageReference "firebase-ios-sdk" */;
			productName = FirebaseFunctions;
		};
		12E28FB6292BEDC80062018E /* FirebaseFunctionsCombine-Community */ = {
			isa = XCSwiftPackageProductDependency;
			package = 02A53F1829173358002574E5 /* XCRemoteSwiftPackageReference "firebase-ios-sdk" */;
			productName = "FirebaseFunctionsCombine-Community";
		};
		12E28FB8292BEDC80062018E /* FirebaseInAppMessaging-Beta */ = {
			isa = XCSwiftPackageProductDependency;
			package = 02A53F1829173358002574E5 /* XCRemoteSwiftPackageReference "firebase-ios-sdk" */;
			productName = "FirebaseInAppMessaging-Beta";
		};
		12E28FBA292BEDC80062018E /* FirebaseInAppMessagingSwift-Beta */ = {
			isa = XCSwiftPackageProductDependency;
			package = 02A53F1829173358002574E5 /* XCRemoteSwiftPackageReference "firebase-ios-sdk" */;
			productName = "FirebaseInAppMessagingSwift-Beta";
		};
		12E28FBC292BEDC80062018E /* FirebaseInstallations */ = {
			isa = XCSwiftPackageProductDependency;
			package = 02A53F1829173358002574E5 /* XCRemoteSwiftPackageReference "firebase-ios-sdk" */;
			productName = FirebaseInstallations;
		};
		12E28FBE292BEDC80062018E /* FirebaseMLModelDownloader */ = {
			isa = XCSwiftPackageProductDependency;
			package = 02A53F1829173358002574E5 /* XCRemoteSwiftPackageReference "firebase-ios-sdk" */;
			productName = FirebaseMLModelDownloader;
		};
		12E28FC0292BEDC80062018E /* FirebaseMessaging */ = {
			isa = XCSwiftPackageProductDependency;
			package = 02A53F1829173358002574E5 /* XCRemoteSwiftPackageReference "firebase-ios-sdk" */;
			productName = FirebaseMessaging;
		};
		12E28FC2292BEDC80062018E /* FirebasePerformance */ = {
			isa = XCSwiftPackageProductDependency;
			package = 02A53F1829173358002574E5 /* XCRemoteSwiftPackageReference "firebase-ios-sdk" */;
			productName = FirebasePerformance;
		};
		12E28FC4292BEDC80062018E /* FirebaseRemoteConfig */ = {
			isa = XCSwiftPackageProductDependency;
			package = 02A53F1829173358002574E5 /* XCRemoteSwiftPackageReference "firebase-ios-sdk" */;
			productName = FirebaseRemoteConfig;
		};
		12E28FC6292BEDC80062018E /* FirebaseRemoteConfigSwift */ = {
			isa = XCSwiftPackageProductDependency;
			package = 02A53F1829173358002574E5 /* XCRemoteSwiftPackageReference "firebase-ios-sdk" */;
			productName = FirebaseRemoteConfigSwift;
		};
		12E28FC8292BEDC80062018E /* FirebaseStorage */ = {
			isa = XCSwiftPackageProductDependency;
			package = 02A53F1829173358002574E5 /* XCRemoteSwiftPackageReference "firebase-ios-sdk" */;
			productName = FirebaseStorage;
		};
		12E28FCA292BEDC80062018E /* FirebaseStorageCombine-Community */ = {
			isa = XCSwiftPackageProductDependency;
			package = 02A53F1829173358002574E5 /* XCRemoteSwiftPackageReference "firebase-ios-sdk" */;
			productName = "FirebaseStorageCombine-Community";
		};
		CEAE82172937D84D0028E934 /* FirebaseStorage */ = {
			isa = XCSwiftPackageProductDependency;
			package = 02A53F1829173358002574E5 /* XCRemoteSwiftPackageReference "firebase-ios-sdk" */;
			productName = FirebaseStorage;
		};
/* End XCSwiftPackageProductDependency section */

/* Begin XCVersionGroup section */
		02A53EEC291731D0002574E5 /* AllFit.xcdatamodeld */ = {
			isa = XCVersionGroup;
			children = (
				02A53EED291731D0002574E5 /* AllFit.xcdatamodel */,
			);
			currentVersion = 02A53EED291731D0002574E5 /* AllFit.xcdatamodel */;
			path = AllFit.xcdatamodeld;
			sourceTree = "<group>";
			versionGroupType = wrapper.xcdatamodel;
		};
/* End XCVersionGroup section */
	};
	rootObject = 02A53ED8291731CF002574E5 /* Project object */;
}
